
Microsoft Visual Studio Solution File, Format Version 12.00
# Visual Studio Version 17
VisualStudioVersion = 17.6.33723.286
MinimumVisualStudioVersion = 10.0.40219.1
Project("{9A19103F-16F7-4668-BE54-9A1E7A4F7556}") = "summary.api", "summary.api\summary.api.csproj", "{50B82849-95CD-401A-AEBF-C06AFAD47DAA}"
EndProject
Project("{9A19103F-16F7-4668-BE54-9A1E7A4F7556}") = "summary.api.test", "summary.api.test\summary.api.test.csproj", "{9015E956-3881-4CFC-B924-BBBDFEC41782}"
EndProject
Global
	GlobalSection(SolutionConfigurationPlatforms) = preSolution
		Debug|Any CPU = Debug|Any CPU
		Release|Any CPU = Release|Any CPU
	EndGlobalSection
	GlobalSection(ProjectConfigurationPlatforms) = postSolution
		{50B82849-95CD-401A-AEBF-C06AFAD47DAA}.Debug|Any CPU.ActiveCfg = Debug|Any CPU
		{50B82849-95CD-401A-AEBF-C06AFAD47DAA}.Debug|Any CPU.Build.0 = Debug|Any CPU
		{50B82849-95CD-401A-AEBF-C06AFAD47DAA}.Release|Any CPU.ActiveCfg = Release|Any CPU
		{50B82849-95CD-401A-AEBF-C06AFAD47DAA}.Release|Any CPU.Build.0 = Release|Any CPU
		{9015E956-3881-4CFC-B924-BBBDFEC41782}.Debug|Any CPU.ActiveCfg = Debug|Any CPU
		{9015E956-3881-4CFC-B924-BBBDFEC41782}.Debug|Any CPU.Build.0 = Debug|Any CPU
		{9015E956-3881-4CFC-B924-BBBDFEC41782}.Release|Any CPU.ActiveCfg = Release|Any CPU
		{9015E956-3881-4CFC-B924-BBBDFEC41782}.Release|Any CPU.Build.0 = Release|Any CPU
	EndGlobalSection
	GlobalSection(SolutionProperties) = preSolution
		HideSolutionNode = FALSE
	EndGlobalSection
	GlobalSection(ExtensibilityGlobals) = postSolution
		SolutionGuid = {C994F602-490C-4330-AB2F-8F0CFDBD3378}
	EndGlobalSection
EndGlobal
